
Microsoft Visual Studio Solution File, Format Version 12.00
# Visual Studio Version 17
VisualStudioVersion = 17.9.34310.174
MinimumVisualStudioVersion = 10.0.40219.1
Project("{9A19103F-16F7-4668-BE54-9A1E7A4F7556}") = "WeakEventAggregator", "WeakEventAggregator\WeakEventAggregator.csproj", "{88A501C3-7263-456E-9749-64B2C696F21B}"
EndProject
Project("{9A19103F-16F7-4668-BE54-9A1E7A4F7556}") = "UnitTests", "UnitTests\UnitTests.csproj", "{41DCB99F-7EDB-429E-B40C-094FB50DCE70}"
EndProject
Project("{2150E333-8FDC-42A3-9474-1A3956D46DE8}") = "SolutionItems", "SolutionItems", "{4CCF683D-21A6-4741-9DA4-33A425FABFE1}"
	ProjectSection(SolutionItems) = preProject
		LICENSE.txt = LICENSE.txt
		README.md = README.md
		NugetPackageVersions\WeakEventAggregator.1.0.0.nupkg = NugetPackageVersions\WeakEventAggregator.1.0.0.nupkg
		NugetPackageVersions\WeakEventAggregator.1.0.1.nupkg = NugetPackageVersions\WeakEventAggregator.1.0.1.nupkg
		NugetPackageVersions\WeakEventAggregator.1.0.2.nupkg = NugetPackageVersions\WeakEventAggregator.1.0.2.nupkg
	EndProjectSection
EndProject
Global
	GlobalSection(SolutionConfigurationPlatforms) = preSolution
		Debug|Any CPU = Debug|Any CPU
		Release|Any CPU = Release|Any CPU
	EndGlobalSection
	GlobalSection(ProjectConfigurationPlatforms) = postSolution
		{88A501C3-7263-456E-9749-64B2C696F21B}.Debug|Any CPU.ActiveCfg = Debug|Any CPU
		{88A501C3-7263-456E-9749-64B2C696F21B}.Debug|Any CPU.Build.0 = Debug|Any CPU
		{88A501C3-7263-456E-9749-64B2C696F21B}.Release|Any CPU.ActiveCfg = Release|Any CPU
		{88A501C3-7263-456E-9749-64B2C696F21B}.Release|Any CPU.Build.0 = Release|Any CPU
		{41DCB99F-7EDB-429E-B40C-094FB50DCE70}.Debug|Any CPU.ActiveCfg = Debug|Any CPU
		{41DCB99F-7EDB-429E-B40C-094FB50DCE70}.Debug|Any CPU.Build.0 = Debug|Any CPU
		{41DCB99F-7EDB-429E-B40C-094FB50DCE70}.Release|Any CPU.ActiveCfg = Release|Any CPU
		{41DCB99F-7EDB-429E-B40C-094FB50DCE70}.Release|Any CPU.Build.0 = Release|Any CPU
	EndGlobalSection
	GlobalSection(SolutionProperties) = preSolution
		HideSolutionNode = FALSE
	EndGlobalSection
	GlobalSection(ExtensibilityGlobals) = postSolution
		SolutionGuid = {500CE0F2-2D34-4475-B759-16FF1082AA59}
	EndGlobalSection
EndGlobal
